
Microsoft Visual Studio Solution File, Format Version 9.00
# Visual C++ Express 2005
Project("{059D6162-CD51-11D0-AE1F-00A0C90FFFC3}") = "Client", "Client.dsp", "{91DD9097-F2FC-4892-8757-BEE17CDF7FC1}"
EndProject
Global
	GlobalSection(SolutionProperties) = preSolution
		HideSolutionNode = FALSE
	EndGlobalSection
EndGlobal
